
Microsoft Visual Studio Solution File, Format Version 12.00
# Visual Studio Version 17
VisualStudioVersion = 17.14.36623.8
MinimumVisualStudioVersion = 10.0.40219.1
Project("{FAE04EC0-301F-11D3-BF4B-00C04F79EFBC}") = "TbilLive.Api", "TbilLive\TbilLive.Api.csproj", "{11AB8BC1-9E9A-4B2B-93EE-C4D474BB7279}"
EndProject
Project("{FAE04EC0-301F-11D3-BF4B-00C04F79EFBC}") = "TbilLive.Infrastructure", "TbilLive.Infrastructure\TbilLive.Infrastructure.csproj", "{CE6AC339-2763-4E4F-94A2-F597A27A810D}"
EndProject
Project("{FAE04EC0-301F-11D3-BF4B-00C04F79EFBC}") = "TbilLive.Domain", "TbilLive.Domain\TbilLive.Domain.csproj", "{64FD6476-5201-433C-9514-B15612730FDA}"
EndProject
Project("{FAE04EC0-301F-11D3-BF4B-00C04F79EFBC}") = "TbilLive.Application", "TbilLive.Application\TbilLive.Application.csproj", "{4A39468E-6A26-4B20-91FA-AFB4E41721E8}"
EndProject
Global
	GlobalSection(SolutionConfigurationPlatforms) = preSolution
		Debug|Any CPU = Debug|Any CPU
		Release|Any CPU = Release|Any CPU
	EndGlobalSection
	GlobalSection(ProjectConfigurationPlatforms) = postSolution
		{11AB8BC1-9E9A-4B2B-93EE-C4D474BB7279}.Debug|Any CPU.ActiveCfg = Debug|Any CPU
		{11AB8BC1-9E9A-4B2B-93EE-C4D474BB7279}.Debug|Any CPU.Build.0 = Debug|Any CPU
		{11AB8BC1-9E9A-4B2B-93EE-C4D474BB7279}.Release|Any CPU.ActiveCfg = Release|Any CPU
		{11AB8BC1-9E9A-4B2B-93EE-C4D474BB7279}.Release|Any CPU.Build.0 = Release|Any CPU
		{CE6AC339-2763-4E4F-94A2-F597A27A810D}.Debug|Any CPU.ActiveCfg = Debug|Any CPU
		{CE6AC339-2763-4E4F-94A2-F597A27A810D}.Debug|Any CPU.Build.0 = Debug|Any CPU
		{CE6AC339-2763-4E4F-94A2-F597A27A810D}.Release|Any CPU.ActiveCfg = Release|Any CPU
		{CE6AC339-2763-4E4F-94A2-F597A27A810D}.Release|Any CPU.Build.0 = Release|Any CPU
		{64FD6476-5201-433C-9514-B15612730FDA}.Debug|Any CPU.ActiveCfg = Debug|Any CPU
		{64FD6476-5201-433C-9514-B15612730FDA}.Debug|Any CPU.Build.0 = Debug|Any CPU
		{64FD6476-5201-433C-9514-B15612730FDA}.Release|Any CPU.ActiveCfg = Release|Any CPU
		{64FD6476-5201-433C-9514-B15612730FDA}.Release|Any CPU.Build.0 = Release|Any CPU
		{4A39468E-6A26-4B20-91FA-AFB4E41721E8}.Debug|Any CPU.ActiveCfg = Debug|Any CPU
		{4A39468E-6A26-4B20-91FA-AFB4E41721E8}.Debug|Any CPU.Build.0 = Debug|Any CPU
		{4A39468E-6A26-4B20-91FA-AFB4E41721E8}.Release|Any CPU.ActiveCfg = Release|Any CPU
		{4A39468E-6A26-4B20-91FA-AFB4E41721E8}.Release|Any CPU.Build.0 = Release|Any CPU
	EndGlobalSection
	GlobalSection(SolutionProperties) = preSolution
		HideSolutionNode = FALSE
	EndGlobalSection
	GlobalSection(ExtensibilityGlobals) = postSolution
		SolutionGuid = {3900C6BA-30B4-4199-AC55-41AA435F8CC4}
	EndGlobalSection
EndGlobal
